{
  "name": "grid-practice",
  "lockfileVersion": 3,
  "requires": true,
  "packages": {
    "": {
      "dependencies": {
        "sass-embedded-linux-x64": "^1.71.1"
      }
    },
    "node_modules/sass-embedded-linux-x64": {
      "version": "1.71.1",
      "resolved": "https://registry.npmjs.org/sass-embedded-linux-x64/-/sass-embedded-linux-x64-1.71.1.tgz",
      "integrity": "sha512-7BXniYic16+MQx0InyH8OXburLPGMRYRWf0l/t/fRkNkUHWFl7NQPAX0yvj73c/PKOdaYEUY6isNB4OGUGtZHQ==",
      "cpu": [
        "x64"
      ],
      "os": [
        "linux"
      ],
      "bin": {
        "sass": "dart-sass/sass"
      },
      "engines": {
        "node": ">=14.0.0"
      }
    }
  }
}
